
Microsoft Visual Studio Solution File, Format Version 12.00
# Visual Studio Version 16
VisualStudioVersion = 16.0.30413.136
MinimumVisualStudioVersion = 10.0.40219.1
Project("{9A19103F-16F7-4668-BE54-9A1E7A4F7556}") = "Gomoku Custom.Shared", "Gomoku Custom.Shared\Gomoku Custom.Shared.csproj", "{FF554FF2-5DAA-464E-AAC5-41BA3451D0B5}"
EndProject
Project("{9A19103F-16F7-4668-BE54-9A1E7A4F7556}") = "Gomoku Custom.Game", "Gomoku Custom.Game\Gomoku Custom.Game.csproj", "{0FEFC530-D4B3-4278-B6A1-5FB9713A318C}"
EndProject
Project("{9A19103F-16F7-4668-BE54-9A1E7A4F7556}") = "Gomoku Custom.Blazor", "BlazorASP\Gomoku Custom.Blazor.csproj", "{FD9F30D5-563C-4D95-9542-50D43D558679}"
EndProject
Global
	GlobalSection(SolutionConfigurationPlatforms) = preSolution
		Debug|Any CPU = Debug|Any CPU
		Release|Any CPU = Release|Any CPU
	EndGlobalSection
	GlobalSection(ProjectConfigurationPlatforms) = postSolution
		{FF554FF2-5DAA-464E-AAC5-41BA3451D0B5}.Debug|Any CPU.ActiveCfg = Debug|Any CPU
		{FF554FF2-5DAA-464E-AAC5-41BA3451D0B5}.Debug|Any CPU.Build.0 = Debug|Any CPU
		{FF554FF2-5DAA-464E-AAC5-41BA3451D0B5}.Release|Any CPU.ActiveCfg = Release|Any CPU
		{FF554FF2-5DAA-464E-AAC5-41BA3451D0B5}.Release|Any CPU.Build.0 = Release|Any CPU
		{0FEFC530-D4B3-4278-B6A1-5FB9713A318C}.Debug|Any CPU.ActiveCfg = Debug|Any CPU
		{0FEFC530-D4B3-4278-B6A1-5FB9713A318C}.Debug|Any CPU.Build.0 = Debug|Any CPU
		{0FEFC530-D4B3-4278-B6A1-5FB9713A318C}.Release|Any CPU.ActiveCfg = Release|Any CPU
		{0FEFC530-D4B3-4278-B6A1-5FB9713A318C}.Release|Any CPU.Build.0 = Release|Any CPU
		{FD9F30D5-563C-4D95-9542-50D43D558679}.Debug|Any CPU.ActiveCfg = Debug|Any CPU
		{FD9F30D5-563C-4D95-9542-50D43D558679}.Debug|Any CPU.Build.0 = Debug|Any CPU
		{FD9F30D5-563C-4D95-9542-50D43D558679}.Release|Any CPU.ActiveCfg = Release|Any CPU
		{FD9F30D5-563C-4D95-9542-50D43D558679}.Release|Any CPU.Build.0 = Release|Any CPU
	EndGlobalSection
	GlobalSection(SolutionProperties) = preSolution
		HideSolutionNode = FALSE
	EndGlobalSection
	GlobalSection(ExtensibilityGlobals) = postSolution
		SolutionGuid = {A4239F69-DDEA-4D0A-A2A3-DCD29EEC80E8}
	EndGlobalSection
EndGlobal
